
Microsoft Visual Studio Solution File, Format Version 11.00
# Visual Studio 2010
Project("{FAE04EC0-301F-11D3-BF4B-00C04F79EFBC}") = "Assembly-CSharp", "Assembly-CSharp.csproj", "{6a846826-62e2-ad39-6150-21e8294ae9be}"
EndProject
Project("{FAE04EC0-301F-11D3-BF4B-00C04F79EFBC}") = "Assembly-CSharp-firstpass", "Assembly-CSharp-firstpass.csproj", "{26605538-a2eb-94fe-c650-99de3328a3c2}"
EndProject
Project("{FAE04EC0-301F-11D3-BF4B-00C04F79EFBC}") = "Assembly-CSharp-Editor-firstpass", "Assembly-CSharp-Editor-firstpass.csproj", "{5ca65507-8f28-385b-7098-447d3657666d}"
EndProject
Global
	GlobalSection(SolutionConfigurationPlatforms) = preSolution
		Debug|Any CPU = Debug|Any CPU
	EndGlobalSection
	GlobalSection(ProjectConfigurationPlatforms) = postSolution
		{6a846826-62e2-ad39-6150-21e8294ae9be}.Debug|Any CPU.ActiveCfg = Debug|Any CPU
		{6a846826-62e2-ad39-6150-21e8294ae9be}.Debug|Any CPU.Build.0 = Debug|Any CPU
		{26605538-a2eb-94fe-c650-99de3328a3c2}.Debug|Any CPU.ActiveCfg = Debug|Any CPU
		{26605538-a2eb-94fe-c650-99de3328a3c2}.Debug|Any CPU.Build.0 = Debug|Any CPU
		{5ca65507-8f28-385b-7098-447d3657666d}.Debug|Any CPU.ActiveCfg = Debug|Any CPU
		{5ca65507-8f28-385b-7098-447d3657666d}.Debug|Any CPU.Build.0 = Debug|Any CPU
	EndGlobalSection
	GlobalSection(SolutionProperties) = preSolution
		HideSolutionNode = FALSE
	EndGlobalSection
EndGlobal
